
Microsoft Visual Studio Solution File, Format Version 12.00
# Visual Studio 2013
VisualStudioVersion = 12.0.30110.0
MinimumVisualStudioVersion = 10.0.40219.1
Project("{FAE04EC0-301F-11D3-BF4B-00C04F79EFBC}") = "GameUtilities", "GameUtilities\GameUtilities.csproj", "{D80AB4AF-439B-4E70-BFFE-52C30CC72E63}"
EndProject
Project("{FAE04EC0-301F-11D3-BF4B-00C04F79EFBC}") = "GameUtilitiesUnitTests", "GameUtilitiesUnitTests\GameUtilitiesUnitTests.csproj", "{9043F02F-9324-41C7-A564-A85A270951B7}"
EndProject
Project("{2150E333-8FDC-42A3-9474-1A3956D46DE8}") = "Solution Items", "Solution Items", "{16503036-04BF-4841-A127-09F1274C15AD}"
	ProjectSection(SolutionItems) = preProject
		README.md = README.md
	EndProjectSection
EndProject
Project("{FAE04EC0-301F-11D3-BF4B-00C04F79EFBC}") = "GameUtilitiesRunner", "GameUtilitiesRunner\GameUtilitiesRunner.csproj", "{63B376AD-78C4-4749-B34E-FDCBC25CC10E}"
EndProject
Project("{2150E333-8FDC-42A3-9474-1A3956D46DE8}") = "Config", "Config", "{AF100A25-3AC6-47FE-982C-E968999D7BF6}"
EndProject
Project("{2150E333-8FDC-42A3-9474-1A3956D46DE8}") = "Worlds", "Worlds", "{C92A5187-D348-434A-BD44-9D6E46A14AE3}"
	ProjectSection(SolutionItems) = preProject
		Config\Worlds\World1.xml = Config\Worlds\World1.xml
	EndProjectSection
EndProject
Project("{2150E333-8FDC-42A3-9474-1A3956D46DE8}") = "EntityTypes", "EntityTypes", "{1269CBD5-5301-480A-9D52-D04AF4D4D3DF}"
	ProjectSection(SolutionItems) = preProject
		Config\EntityTypes\Entity1Type.xml = Config\EntityTypes\Entity1Type.xml
	EndProjectSection
EndProject
Global
	GlobalSection(SolutionConfigurationPlatforms) = preSolution
		Debug|Any CPU = Debug|Any CPU
		Release|Any CPU = Release|Any CPU
	EndGlobalSection
	GlobalSection(ProjectConfigurationPlatforms) = postSolution
		{D80AB4AF-439B-4E70-BFFE-52C30CC72E63}.Debug|Any CPU.ActiveCfg = Debug|Any CPU
		{D80AB4AF-439B-4E70-BFFE-52C30CC72E63}.Debug|Any CPU.Build.0 = Debug|Any CPU
		{D80AB4AF-439B-4E70-BFFE-52C30CC72E63}.Release|Any CPU.ActiveCfg = Release|Any CPU
		{D80AB4AF-439B-4E70-BFFE-52C30CC72E63}.Release|Any CPU.Build.0 = Release|Any CPU
		{9043F02F-9324-41C7-A564-A85A270951B7}.Debug|Any CPU.ActiveCfg = Debug|Any CPU
		{9043F02F-9324-41C7-A564-A85A270951B7}.Debug|Any CPU.Build.0 = Debug|Any CPU
		{9043F02F-9324-41C7-A564-A85A270951B7}.Release|Any CPU.ActiveCfg = Release|Any CPU
		{9043F02F-9324-41C7-A564-A85A270951B7}.Release|Any CPU.Build.0 = Release|Any CPU
		{63B376AD-78C4-4749-B34E-FDCBC25CC10E}.Debug|Any CPU.ActiveCfg = Debug|Any CPU
		{63B376AD-78C4-4749-B34E-FDCBC25CC10E}.Debug|Any CPU.Build.0 = Debug|Any CPU
		{63B376AD-78C4-4749-B34E-FDCBC25CC10E}.Release|Any CPU.ActiveCfg = Release|Any CPU
		{63B376AD-78C4-4749-B34E-FDCBC25CC10E}.Release|Any CPU.Build.0 = Release|Any CPU
	EndGlobalSection
	GlobalSection(SolutionProperties) = preSolution
		HideSolutionNode = FALSE
	EndGlobalSection
	GlobalSection(NestedProjects) = preSolution
		{C92A5187-D348-434A-BD44-9D6E46A14AE3} = {AF100A25-3AC6-47FE-982C-E968999D7BF6}
		{1269CBD5-5301-480A-9D52-D04AF4D4D3DF} = {AF100A25-3AC6-47FE-982C-E968999D7BF6}
	EndGlobalSection
EndGlobal
